
Microsoft Visual Studio Solution File, Format Version 12.00
# Visual Studio 2012
Project("{2150E333-8FDC-42A3-9474-1A3956D46DE8}") = "1 - msbuild primer", "1 - msbuild primer", "{6590709D-CE67-4BE5-B4B2-9763D2134A72}"
	ProjectSection(SolutionItems) = preProject
		msbuild-primer\default.ps1 = msbuild-primer\default.ps1
		msbuild-primer\file1.txt = msbuild-primer\file1.txt
		msbuild-primer\file2.txt = msbuild-primer\file2.txt
		msbuild-primer\project.proj = msbuild-primer\project.proj
		msbuild-primer\README.md = msbuild-primer\README.md
	EndProjectSection
EndProject
Project("{2150E333-8FDC-42A3-9474-1A3956D46DE8}") = "2 - WPP basics", "2 - WPP basics", "{58ACACB4-2584-487B-AE28-59BE00F0A6E7}"
EndProject
Project("{2150E333-8FDC-42A3-9474-1A3956D46DE8}") = ".nuget", ".nuget", "{B8C7EDF1-8D40-4011-BC65-C0517C068DC5}"
	ProjectSection(SolutionItems) = preProject
		.nuget\NuGet.Config = .nuget\NuGet.Config
		.nuget\NuGet.exe = .nuget\NuGet.exe
		.nuget\NuGet.targets = .nuget\NuGet.targets
	EndProjectSection
EndProject
Project("{2150E333-8FDC-42A3-9474-1A3956D46DE8}") = "3 - Include, exclude files", "3 - Include, exclude files", "{CAC57D59-BAB4-426C-8693-5A697A011245}"
EndProject
Project("{FAE04EC0-301F-11D3-BF4B-00C04F79EFBC}") = "wpp-basics", "wpp-basics\wpp-basics.csproj", "{DF632D9B-8529-4676-B14F-C9E8A6F0F037}"
EndProject
Project("{FAE04EC0-301F-11D3-BF4B-00C04F79EFBC}") = "include-exclude-files", "include-exclude-files\include-exclude-files.csproj", "{2607C144-556D-401F-A017-250DBB696EE9}"
EndProject
Project("{2150E333-8FDC-42A3-9474-1A3956D46DE8}") = "4 - Empty directories", "4 - Empty directories", "{8119AE53-1B6D-4C50-ABD0-06C400D591E1}"
EndProject
Project("{FAE04EC0-301F-11D3-BF4B-00C04F79EFBC}") = "empty-directories", "empty-directories\empty-directories.csproj", "{AEA9BFA5-D79F-496F-B41E-3652FF0AFA26}"
EndProject
Project("{2150E333-8FDC-42A3-9474-1A3956D46DE8}") = "5 - MSDeploy parameters", "5 - MSDeploy parameters", "{B7595064-38EB-4C6A-9970-F63624FA4B55}"
EndProject
Project("{2150E333-8FDC-42A3-9474-1A3956D46DE8}") = "6 - MSDeploy providers", "6 - MSDeploy providers", "{BA89DF44-23A5-4444-BBEC-C1BBB166718E}"
EndProject
Project("{2150E333-8FDC-42A3-9474-1A3956D46DE8}") = "7 - Simpler in-package directory", "7 - Simpler in-package directory", "{43864357-8489-4817-A873-D33F646A3B48}"
EndProject
Project("{2150E333-8FDC-42A3-9474-1A3956D46DE8}") = "8 - ASP.NET compilation", "8 - ASP.NET compilation", "{AE744C44-568E-4AD1-B757-CEA2B821738B}"
EndProject
Project("{2150E333-8FDC-42A3-9474-1A3956D46DE8}") = "9 - Skip deleting files on deployment", "9 - Skip deleting files on deployment", "{591C9B0B-902E-4BF4-9D40-5BB61F07441D}"
EndProject
Project("{FAE04EC0-301F-11D3-BF4B-00C04F79EFBC}") = "short-path-in-package", "short-path-in-package\short-path-in-package.csproj", "{7D43908D-B90C-46F9-8C06-077B9DB8F2BA}"
EndProject
Project("{FAE04EC0-301F-11D3-BF4B-00C04F79EFBC}") = "aspnet-compilation", "aspnet-compilation\aspnet-compilation.csproj", "{BFCFF52D-1C3A-4FD5-BF55-42E452B3E206}"
EndProject
Project("{FAE04EC0-301F-11D3-BF4B-00C04F79EFBC}") = "skip-delete", "skip-delete\skip-delete.csproj", "{59F1209A-0192-4D78-BE08-9892C5F29B94}"
EndProject
Project("{FAE04EC0-301F-11D3-BF4B-00C04F79EFBC}") = "parameters", "parameters\parameters.csproj", "{0AC4F486-CE51-4810-BAC5-EAB7EB1A2DD2}"
EndProject
Global
	GlobalSection(SolutionConfigurationPlatforms) = preSolution
		Debug|Any CPU = Debug|Any CPU
		Release|Any CPU = Release|Any CPU
	EndGlobalSection
	GlobalSection(ProjectConfigurationPlatforms) = postSolution
		{DF632D9B-8529-4676-B14F-C9E8A6F0F037}.Debug|Any CPU.ActiveCfg = Debug|Any CPU
		{DF632D9B-8529-4676-B14F-C9E8A6F0F037}.Debug|Any CPU.Build.0 = Debug|Any CPU
		{DF632D9B-8529-4676-B14F-C9E8A6F0F037}.Release|Any CPU.ActiveCfg = Release|Any CPU
		{DF632D9B-8529-4676-B14F-C9E8A6F0F037}.Release|Any CPU.Build.0 = Release|Any CPU
		{2607C144-556D-401F-A017-250DBB696EE9}.Debug|Any CPU.ActiveCfg = Debug|Any CPU
		{2607C144-556D-401F-A017-250DBB696EE9}.Debug|Any CPU.Build.0 = Debug|Any CPU
		{2607C144-556D-401F-A017-250DBB696EE9}.Release|Any CPU.ActiveCfg = Release|Any CPU
		{2607C144-556D-401F-A017-250DBB696EE9}.Release|Any CPU.Build.0 = Release|Any CPU
		{AEA9BFA5-D79F-496F-B41E-3652FF0AFA26}.Debug|Any CPU.ActiveCfg = Debug|Any CPU
		{AEA9BFA5-D79F-496F-B41E-3652FF0AFA26}.Debug|Any CPU.Build.0 = Debug|Any CPU
		{AEA9BFA5-D79F-496F-B41E-3652FF0AFA26}.Release|Any CPU.ActiveCfg = Release|Any CPU
		{AEA9BFA5-D79F-496F-B41E-3652FF0AFA26}.Release|Any CPU.Build.0 = Release|Any CPU
		{7D43908D-B90C-46F9-8C06-077B9DB8F2BA}.Debug|Any CPU.ActiveCfg = Debug|Any CPU
		{7D43908D-B90C-46F9-8C06-077B9DB8F2BA}.Debug|Any CPU.Build.0 = Debug|Any CPU
		{7D43908D-B90C-46F9-8C06-077B9DB8F2BA}.Release|Any CPU.ActiveCfg = Release|Any CPU
		{7D43908D-B90C-46F9-8C06-077B9DB8F2BA}.Release|Any CPU.Build.0 = Release|Any CPU
		{BFCFF52D-1C3A-4FD5-BF55-42E452B3E206}.Debug|Any CPU.ActiveCfg = Debug|Any CPU
		{BFCFF52D-1C3A-4FD5-BF55-42E452B3E206}.Debug|Any CPU.Build.0 = Debug|Any CPU
		{BFCFF52D-1C3A-4FD5-BF55-42E452B3E206}.Release|Any CPU.ActiveCfg = Release|Any CPU
		{BFCFF52D-1C3A-4FD5-BF55-42E452B3E206}.Release|Any CPU.Build.0 = Release|Any CPU
		{59F1209A-0192-4D78-BE08-9892C5F29B94}.Debug|Any CPU.ActiveCfg = Debug|Any CPU
		{59F1209A-0192-4D78-BE08-9892C5F29B94}.Debug|Any CPU.Build.0 = Debug|Any CPU
		{59F1209A-0192-4D78-BE08-9892C5F29B94}.Release|Any CPU.ActiveCfg = Release|Any CPU
		{59F1209A-0192-4D78-BE08-9892C5F29B94}.Release|Any CPU.Build.0 = Release|Any CPU
		{0AC4F486-CE51-4810-BAC5-EAB7EB1A2DD2}.Debug|Any CPU.ActiveCfg = Debug|Any CPU
		{0AC4F486-CE51-4810-BAC5-EAB7EB1A2DD2}.Debug|Any CPU.Build.0 = Debug|Any CPU
		{0AC4F486-CE51-4810-BAC5-EAB7EB1A2DD2}.Release|Any CPU.ActiveCfg = Release|Any CPU
		{0AC4F486-CE51-4810-BAC5-EAB7EB1A2DD2}.Release|Any CPU.Build.0 = Release|Any CPU
	EndGlobalSection
	GlobalSection(SolutionProperties) = preSolution
		HideSolutionNode = FALSE
	EndGlobalSection
	GlobalSection(NestedProjects) = preSolution
		{DF632D9B-8529-4676-B14F-C9E8A6F0F037} = {58ACACB4-2584-487B-AE28-59BE00F0A6E7}
		{2607C144-556D-401F-A017-250DBB696EE9} = {CAC57D59-BAB4-426C-8693-5A697A011245}
		{AEA9BFA5-D79F-496F-B41E-3652FF0AFA26} = {8119AE53-1B6D-4C50-ABD0-06C400D591E1}
		{0AC4F486-CE51-4810-BAC5-EAB7EB1A2DD2} = {B7595064-38EB-4C6A-9970-F63624FA4B55}
		{7D43908D-B90C-46F9-8C06-077B9DB8F2BA} = {43864357-8489-4817-A873-D33F646A3B48}
		{BFCFF52D-1C3A-4FD5-BF55-42E452B3E206} = {AE744C44-568E-4AD1-B757-CEA2B821738B}
		{59F1209A-0192-4D78-BE08-9892C5F29B94} = {591C9B0B-902E-4BF4-9D40-5BB61F07441D}
	EndGlobalSection
EndGlobal
