
Microsoft Visual Studio Solution File, Format Version 12.00
# Visual Studio 2012
Project("{2150E333-8FDC-42A3-9474-1A3956D46DE8}") = "1 - msbuild primer", "1 - msbuild primer", "{6590709D-CE67-4BE5-B4B2-9763D2134A72}"
	ProjectSection(SolutionItems) = preProject
		msbuild-primer\file1.txt = msbuild-primer\file1.txt
		msbuild-primer\file2.txt = msbuild-primer\file2.txt
		msbuild-primer\project.proj = msbuild-primer\project.proj
		msbuild-primer\README.md = msbuild-primer\README.md
	EndProjectSection
EndProject
Project("{2150E333-8FDC-42A3-9474-1A3956D46DE8}") = ".nuget", ".nuget", "{B8C7EDF1-8D40-4011-BC65-C0517C068DC5}"
	ProjectSection(SolutionItems) = preProject
		.nuget\NuGet.Config = .nuget\NuGet.Config
		.nuget\NuGet.exe = .nuget\NuGet.exe
		.nuget\NuGet.targets = .nuget\NuGet.targets
	EndProjectSection
EndProject
Global
	GlobalSection(SolutionProperties) = preSolution
		HideSolutionNode = FALSE
	EndGlobalSection
EndGlobal
